{
  "name": "webpack-concat-plugin",
  "version": "1.4.2",
  "lockfileVersion": 1,
  "requires": true,
  "dependencies": {
    "commander": {
      "version": "2.12.2",
      "resolved": "https://registry.npmjs.org/commander/-/commander-2.12.2.tgz",
      "integrity": "sha512-BFnaq5ZOGcDN7FlrtBT4xxkgIToalIIxwjxLWVJ8bGTpe1LroqMiqQXdA7ygc7CRvaYS+9zfPGFnJqFSayx+AA=="
    },
    "uglify-es": {
      "version": "3.2.1",
      "resolved": "https://registry.npmjs.org/uglify-es/-/uglify-es-3.2.1.tgz",
      "integrity": "sha512-c+Fy4VuGvPmT7mj7vEPjRR/iNFuXuOAkufhCtCvTGX0Hr4gCM9YwCnLgHkxr1ngqSODQaDObU3g8SF8uE/tY1w==",
      "requires": {
        "commander": "2.12.2",
        "source-map": "0.6.1"
      },
      "dependencies": {
        "source-map": {
          "version": "0.6.1",
          "resolved": "https://registry.npmjs.org/source-map/-/source-map-0.6.1.tgz",
          "integrity": "sha512-UjgapumWlbMhkBgzT7Ykc5YXUT46F0iKu8SGXq0bcwP5dz/h0Plj6enJqjz1Zbq2l5WaqYnrVbwWOWMyF3F47g=="
        }
      }
    }
  }
}
